
Microsoft Visual Studio Solution File, Format Version 12.00
# Visual Studio Version 17
VisualStudioVersion = 17.9.34622.214
MinimumVisualStudioVersion = 10.0.40219.1
Project("{8BC9CEB8-8B4A-11D0-8D11-00A0C91BC942}") = "Dog", "Dog\Dog.vcxproj", "{D81606DF-6EC2-4195-A4FA-C531B35534BF}"
	ProjectSection(ProjectDependencies) = postProject
		{D9F6296A-D458-4DC5-8421-B7537E4AB6D4} = {D9F6296A-D458-4DC5-8421-B7537E4AB6D4}
	EndProjectSection
EndProject
Project("{8BC9CEB8-8B4A-11D0-8D11-00A0C91BC942}") = "Sandbox", "Sandbox\Sandbox.vcxproj", "{E8F8887C-3F7B-4D98-B04B-5E190E367AE2}"
	ProjectSection(ProjectDependencies) = postProject
		{D81606DF-6EC2-4195-A4FA-C531B35534BF} = {D81606DF-6EC2-4195-A4FA-C531B35534BF}
		{D9F6296A-D458-4DC5-8421-B7537E4AB6D4} = {D9F6296A-D458-4DC5-8421-B7537E4AB6D4}
	EndProjectSection
EndProject
Project("{8BC9CEB8-8B4A-11D0-8D11-00A0C91BC942}") = "PCH", "PCH\PCH.vcxproj", "{D9F6296A-D458-4DC5-8421-B7537E4AB6D4}"
EndProject
Global
	GlobalSection(SolutionConfigurationPlatforms) = preSolution
		Debug|x64 = Debug|x64
		Debug|x86 = Debug|x86
		MinSizeRel|x64 = MinSizeRel|x64
		MinSizeRel|x86 = MinSizeRel|x86
		Release|x64 = Release|x64
		Release|x86 = Release|x86
		RelWithDebInfo|x64 = RelWithDebInfo|x64
		RelWithDebInfo|x86 = RelWithDebInfo|x86
	EndGlobalSection
	GlobalSection(ProjectConfigurationPlatforms) = postSolution
		{D81606DF-6EC2-4195-A4FA-C531B35534BF}.Debug|x64.ActiveCfg = Debug|x64
		{D81606DF-6EC2-4195-A4FA-C531B35534BF}.Debug|x64.Build.0 = Debug|x64
		{D81606DF-6EC2-4195-A4FA-C531B35534BF}.Debug|x86.ActiveCfg = Debug|Win32
		{D81606DF-6EC2-4195-A4FA-C531B35534BF}.Debug|x86.Build.0 = Debug|Win32
		{D81606DF-6EC2-4195-A4FA-C531B35534BF}.MinSizeRel|x64.ActiveCfg = MinSizeRel|x64
		{D81606DF-6EC2-4195-A4FA-C531B35534BF}.MinSizeRel|x64.Build.0 = MinSizeRel|x64
		{D81606DF-6EC2-4195-A4FA-C531B35534BF}.MinSizeRel|x86.ActiveCfg = MinSizeRel|Win32
		{D81606DF-6EC2-4195-A4FA-C531B35534BF}.MinSizeRel|x86.Build.0 = MinSizeRel|Win32
		{D81606DF-6EC2-4195-A4FA-C531B35534BF}.Release|x64.ActiveCfg = Release|x64
		{D81606DF-6EC2-4195-A4FA-C531B35534BF}.Release|x64.Build.0 = Release|x64
		{D81606DF-6EC2-4195-A4FA-C531B35534BF}.Release|x86.ActiveCfg = Release|Win32
		{D81606DF-6EC2-4195-A4FA-C531B35534BF}.Release|x86.Build.0 = Release|Win32
		{D81606DF-6EC2-4195-A4FA-C531B35534BF}.RelWithDebInfo|x64.ActiveCfg = RelWithDebInfo|x64
		{D81606DF-6EC2-4195-A4FA-C531B35534BF}.RelWithDebInfo|x64.Build.0 = RelWithDebInfo|x64
		{D81606DF-6EC2-4195-A4FA-C531B35534BF}.RelWithDebInfo|x86.ActiveCfg = RelWithDebInfo|Win32
		{D81606DF-6EC2-4195-A4FA-C531B35534BF}.RelWithDebInfo|x86.Build.0 = RelWithDebInfo|Win32
		{E8F8887C-3F7B-4D98-B04B-5E190E367AE2}.Debug|x64.ActiveCfg = Debug|x64
		{E8F8887C-3F7B-4D98-B04B-5E190E367AE2}.Debug|x64.Build.0 = Debug|x64
		{E8F8887C-3F7B-4D98-B04B-5E190E367AE2}.Debug|x86.ActiveCfg = Debug|Win32
		{E8F8887C-3F7B-4D98-B04B-5E190E367AE2}.Debug|x86.Build.0 = Debug|Win32
		{E8F8887C-3F7B-4D98-B04B-5E190E367AE2}.MinSizeRel|x64.ActiveCfg = MinSizeRel|x64
		{E8F8887C-3F7B-4D98-B04B-5E190E367AE2}.MinSizeRel|x64.Build.0 = MinSizeRel|x64
		{E8F8887C-3F7B-4D98-B04B-5E190E367AE2}.MinSizeRel|x86.ActiveCfg = MinSizeRel|Win32
		{E8F8887C-3F7B-4D98-B04B-5E190E367AE2}.MinSizeRel|x86.Build.0 = MinSizeRel|Win32
		{E8F8887C-3F7B-4D98-B04B-5E190E367AE2}.Release|x64.ActiveCfg = Release|x64
		{E8F8887C-3F7B-4D98-B04B-5E190E367AE2}.Release|x64.Build.0 = Release|x64
		{E8F8887C-3F7B-4D98-B04B-5E190E367AE2}.Release|x86.ActiveCfg = Release|Win32
		{E8F8887C-3F7B-4D98-B04B-5E190E367AE2}.Release|x86.Build.0 = Release|Win32
		{E8F8887C-3F7B-4D98-B04B-5E190E367AE2}.RelWithDebInfo|x64.ActiveCfg = RelWithDebInfo|x64
		{E8F8887C-3F7B-4D98-B04B-5E190E367AE2}.RelWithDebInfo|x64.Build.0 = RelWithDebInfo|x64
		{E8F8887C-3F7B-4D98-B04B-5E190E367AE2}.RelWithDebInfo|x86.ActiveCfg = RelWithDebInfo|Win32
		{E8F8887C-3F7B-4D98-B04B-5E190E367AE2}.RelWithDebInfo|x86.Build.0 = RelWithDebInfo|Win32
		{D9F6296A-D458-4DC5-8421-B7537E4AB6D4}.Debug|x64.ActiveCfg = Debug|x64
		{D9F6296A-D458-4DC5-8421-B7537E4AB6D4}.Debug|x64.Build.0 = Debug|x64
		{D9F6296A-D458-4DC5-8421-B7537E4AB6D4}.Debug|x86.ActiveCfg = Debug|Win32
		{D9F6296A-D458-4DC5-8421-B7537E4AB6D4}.Debug|x86.Build.0 = Debug|Win32
		{D9F6296A-D458-4DC5-8421-B7537E4AB6D4}.MinSizeRel|x64.ActiveCfg = Debug|x64
		{D9F6296A-D458-4DC5-8421-B7537E4AB6D4}.MinSizeRel|x64.Build.0 = Debug|x64
		{D9F6296A-D458-4DC5-8421-B7537E4AB6D4}.MinSizeRel|x86.ActiveCfg = Debug|Win32
		{D9F6296A-D458-4DC5-8421-B7537E4AB6D4}.MinSizeRel|x86.Build.0 = Debug|Win32
		{D9F6296A-D458-4DC5-8421-B7537E4AB6D4}.Release|x64.ActiveCfg = Release|x64
		{D9F6296A-D458-4DC5-8421-B7537E4AB6D4}.Release|x64.Build.0 = Release|x64
		{D9F6296A-D458-4DC5-8421-B7537E4AB6D4}.Release|x86.ActiveCfg = Release|Win32
		{D9F6296A-D458-4DC5-8421-B7537E4AB6D4}.Release|x86.Build.0 = Release|Win32
		{D9F6296A-D458-4DC5-8421-B7537E4AB6D4}.RelWithDebInfo|x64.ActiveCfg = Release|x64
		{D9F6296A-D458-4DC5-8421-B7537E4AB6D4}.RelWithDebInfo|x64.Build.0 = Release|x64
		{D9F6296A-D458-4DC5-8421-B7537E4AB6D4}.RelWithDebInfo|x86.ActiveCfg = Release|Win32
		{D9F6296A-D458-4DC5-8421-B7537E4AB6D4}.RelWithDebInfo|x86.Build.0 = Release|Win32
	EndGlobalSection
	GlobalSection(SolutionProperties) = preSolution
		HideSolutionNode = FALSE
	EndGlobalSection
	GlobalSection(ExtensibilityGlobals) = postSolution
		SolutionGuid = {B4E48FF7-F7B3-4819-AE12-976110D1E19D}
	EndGlobalSection
EndGlobal
