<?xml version="1.0" encoding="utf-8"?>
<Project ToolsVersion="4.0" xmlns="http://schemas.microsoft.com/developer/msbuild/2003">
  <ItemGroup>
    <Filter Include="Source Files">
      <UniqueIdentifier>{4FC737F1-C7A5-4376-A066-2A32D752A2FF}</UniqueIdentifier>
      <Extensions>cpp;c;cc;cxx;c++;cppm;ixx;def;odl;idl;hpj;bat;asm;asmx</Extensions>
    </Filter>
    <Filter Include="Header Files">
      <UniqueIdentifier>{93995380-89BD-4b04-88EB-625FBE52EBFB}</UniqueIdentifier>
      <Extensions>h;hh;hpp;hxx;h++;hm;inl;inc;ipp;xsd</Extensions>
    </Filter>
    <Filter Include="Resource Files">
      <UniqueIdentifier>{67DA6AB6-F800-4c08-8B7A-83BB121AAD01}</UniqueIdentifier>
      <Extensions>rc;ico;cur;bmp;dlg;rc2;rct;bin;rgs;gif;jpg;jpeg;jpe;resx;tiff;tif;png;wav;mfcribbon-ms</Extensions>
    </Filter>
  </ItemGroup>
  <ItemGroup>
    <ClCompile Include="src\Sandbox\main.cpp">
      <Filter>Source Files</Filter>
    </ClCompile>
    <ClCompile Include="src\PCH\dogpch.cpp">
      <Filter>Source Files</Filter>
    </ClCompile>
    <ClCompile Include="src\Dog\Resources\resources.cpp">
      <Filter>Source Files</Filter>
    </ClCompile>
    <ClCompile Include="src\Dog\Graphics\Window\window.cpp">
      <Filter>Source Files</Filter>
    </ClCompile>
    <ClCompile Include="src\Dog\engine.cpp">
      <Filter>Source Files</Filter>
    </ClCompile>
    <ClCompile Include="src\Dog\Graphics\Renderer\Shaders\shader.cpp">
      <Filter>Source Files</Filter>
    </ClCompile>
    <ClCompile Include="src\Dog\Logger\logger.cpp">
      <Filter>Source Files</Filter>
    </ClCompile>
    <ClCompile Include="src\Dog\Graphics\Renderer\Renderer3D\DeferredRenderer.cpp">
      <Filter>Source Files</Filter>
    </ClCompile>
    <ClCompile Include="src\Dog\Graphics\Renderer\Camera\camera2d.cpp">
      <Filter>Source Files</Filter>
    </ClCompile>
    <ClCompile Include="src\Dog\Math\rect.cpp">
      <Filter>Source Files</Filter>
    </ClCompile>
    <ClCompile Include="src\Dog\Graphics\Renderer\Renderer2D\renderer2d.cpp">
      <Filter>Source Files</Filter>
    </ClCompile>
    <ClCompile Include="src\Dog\Graphics\Texture\texture2d.cpp">
      <Filter>Source Files</Filter>
    </ClCompile>
    <ClCompile Include="src\Dog\Resources\resource.cpp">
      <Filter>Source Files</Filter>
    </ClCompile>
    <ClCompile Include="src\Dog\Resources\resourceFactory.cpp">
      <Filter>Source Files</Filter>
    </ClCompile>
    <ClCompile Include="src\Dog\Input\input.cpp">
      <Filter>Source Files</Filter>
    </ClCompile>
    <ClCompile Include="src\Dog\Scene\scene.cpp">
      <Filter>Source Files</Filter>
    </ClCompile>
    <ClCompile Include="src\Dog\Scene\sceneManager.cpp">
      <Filter>Source Files</Filter>
    </ClCompile>
    <ClCompile Include="src\Dog\Scene\Entity\entity.cpp">
      <Filter>Source Files</Filter>
    </ClCompile>
    <ClCompile Include="src\Dog\Scene\Entity\components.cpp">
      <Filter>Source Files</Filter>
    </ClCompile>
    <ClCompile Include="externals\imgui\crude_json.cpp">
      <Filter>Source Files</Filter>
    </ClCompile>
    <ClCompile Include="externals\imgui\GraphEditor.cpp">
      <Filter>Source Files</Filter>
    </ClCompile>
    <ClCompile Include="externals\imgui\ImCurveEdit.cpp">
      <Filter>Source Files</Filter>
    </ClCompile>
    <ClCompile Include="externals\imgui\ImGradient.cpp">
      <Filter>Source Files</Filter>
    </ClCompile>
    <ClCompile Include="externals\imgui\imgui.cpp">
      <Filter>Source Files</Filter>
    </ClCompile>
    <ClCompile Include="externals\imgui\imgui_canvas.cpp">
      <Filter>Source Files</Filter>
    </ClCompile>
    <ClCompile Include="externals\imgui\imgui_demo.cpp">
      <Filter>Source Files</Filter>
    </ClCompile>
    <ClCompile Include="externals\imgui\imgui_draw.cpp">
      <Filter>Source Files</Filter>
    </ClCompile>
    <ClCompile Include="externals\imgui\imgui_impl_glfw.cpp">
      <Filter>Source Files</Filter>
    </ClCompile>
    <ClCompile Include="externals\imgui\imgui_impl_opengl3.cpp">
      <Filter>Source Files</Filter>
    </ClCompile>
    <ClCompile Include="externals\imgui\imgui_impl_win32.cpp">
      <Filter>Source Files</Filter>
    </ClCompile>
    <ClCompile Include="externals\imgui\imgui_node_editor.cpp">
      <Filter>Source Files</Filter>
    </ClCompile>
    <ClCompile Include="externals\imgui\imgui_node_editor_api.cpp">
      <Filter>Source Files</Filter>
    </ClCompile>
    <ClCompile Include="externals\imgui\imgui_stdlib.cpp">
      <Filter>Source Files</Filter>
    </ClCompile>
    <ClCompile Include="externals\imgui\imgui_tables.cpp">
      <Filter>Source Files</Filter>
    </ClCompile>
    <ClCompile Include="externals\imgui\imgui_widgets.cpp">
      <Filter>Source Files</Filter>
    </ClCompile>
    <ClCompile Include="externals\imgui\ImGuizmo.cpp">
      <Filter>Source Files</Filter>
    </ClCompile>
    <ClCompile Include="externals\imgui\implot.cpp">
      <Filter>Source Files</Filter>
    </ClCompile>
    <ClCompile Include="externals\imgui\implot_items.cpp">
      <Filter>Source Files</Filter>
    </ClCompile>
    <ClCompile Include="externals\imgui\ImSequencer.cpp">
      <Filter>Source Files</Filter>
    </ClCompile>
    <ClCompile Include="src\Dog\Graphics\Editor\editor.cpp">
      <Filter>Source Files</Filter>
    </ClCompile>
    <ClCompile Include="src\Dog\Graphics\Framebuffer\framebuffer.cpp">
      <Filter>Source Files</Filter>
    </ClCompile>
    <ClCompile Include="src\Dog\Graphics\Renderer\Camera\orthoCamera.cpp">
      <Filter>Source Files</Filter>
    </ClCompile>
    <ClCompile Include="src\Dog\Graphics\Renderer\Camera\orthoCameraController.cpp">
      <Filter>Source Files</Filter>
    </ClCompile>
    <ClCompile Include="src\Dog\Events\event.cpp">
      <Filter>Source Files</Filter>
    </ClCompile>
    <ClCompile Include="src\Sandbox\Scenes\sandbox.cpp">
      <Filter>Source Files</Filter>
    </ClCompile>
    <ClCompile Include="src\PCH\pch.cpp">
      <Filter>Source Files</Filter>
    </ClCompile>
    <ClCompile Include="src\Dog\Graphics\Editor\Windows\sceneWindow.cpp">
      <Filter>Source Files</Filter>
    </ClCompile>
    <ClCompile Include="src\Dog\Graphics\Editor\Windows\consoleWindow.cpp">
      <Filter>Source Files</Filter>
    </ClCompile>
    <ClCompile Include="src\Dog\Graphics\Editor\Windows\entitiesWindow.cpp">
      <Filter>Source Files</Filter>
    </ClCompile>
    <ClCompile Include="src\Dog\Graphics\Editor\Windows\inspectorWindow.cpp">
      <Filter>Source Files</Filter>
    </ClCompile>
    <ClCompile Include="src\Dog\Graphics\Editor\Windows\toolbarWindow.cpp">
      <Filter>Source Files</Filter>
    </ClCompile>
    <ClCompile Include="src\Dog\Resources\FileWatcher\fileWatcher.cpp">
      <Filter>Source Files</Filter>
    </ClCompile>
    <ClCompile Include="src\Dog\Graphics\Editor\Windows\resourcesWindow.cpp">
      <Filter>Source Files</Filter>
    </ClCompile>
    <ClCompile Include="src\Dog\Graphics\Renderer\Camera\perspectiveCamera.cpp">
      <Filter>Source Files</Filter>
    </ClCompile>
    <ClCompile Include="src\Dog\Graphics\Window\frameRate.cpp">
      <Filter>Source Files</Filter>
    </ClCompile>
  </ItemGroup>
  <ItemGroup>
    <ClInclude Include="src\Dog\dog.h">
      <Filter>Header Files</Filter>
    </ClInclude>
    <ClInclude Include="src\PCH\dogpch.h">
      <Filter>Header Files</Filter>
    </ClInclude>
    <ClInclude Include="src\Dog\Resources\resources.h">
      <Filter>Header Files</Filter>
    </ClInclude>
    <ClInclude Include="src\Dog\Graphics\Window\window.h">
      <Filter>Header Files</Filter>
    </ClInclude>
    <ClInclude Include="src\Dog\engine.h">
      <Filter>Header Files</Filter>
    </ClInclude>
    <ClInclude Include="src\Dog\Graphics\Window\Iwindow.h">
      <Filter>Header Files</Filter>
    </ClInclude>
    <ClInclude Include="src\Dog\Graphics\Renderer\Shaders\shader.h">
      <Filter>Header Files</Filter>
    </ClInclude>
    <ClInclude Include="src\Dog\Logger\logger.h">
      <Filter>Header Files</Filter>
    </ClInclude>
    <ClInclude Include="src\Dog\Graphics\Renderer\IRenderer.h">
      <Filter>Header Files</Filter>
    </ClInclude>
    <ClInclude Include="src\Dog\Graphics\Renderer\Renderer3D\DeferredRenderer.h">
      <Filter>Header Files</Filter>
    </ClInclude>
    <ClInclude Include="src\Dog\Graphics\Renderer\Camera\camera2d.h">
      <Filter>Header Files</Filter>
    </ClInclude>
    <ClInclude Include="src\Dog\Math\rect.h">
      <Filter>Header Files</Filter>
    </ClInclude>
    <ClInclude Include="src\Dog\Graphics\Renderer\Renderer2D\renderer2d.h">
      <Filter>Header Files</Filter>
    </ClInclude>
    <ClInclude Include="src\Dog\Graphics\Texture\texture2d.h">
      <Filter>Header Files</Filter>
    </ClInclude>
    <ClInclude Include="src\Dog\Resources\resourceFactory.h">
      <Filter>Header Files</Filter>
    </ClInclude>
    <ClInclude Include="src\Dog\Resources\resource.h">
      <Filter>Header Files</Filter>
    </ClInclude>
    <ClInclude Include="src\Dog\Input\input.h">
      <Filter>Header Files</Filter>
    </ClInclude>
    <ClInclude Include="src\Dog\Input\inputMap.h">
      <Filter>Header Files</Filter>
    </ClInclude>
    <ClInclude Include="src\Dog\Scene\scene.h">
      <Filter>Header Files</Filter>
    </ClInclude>
    <ClInclude Include="src\Dog\Scene\sceneManager.h">
      <Filter>Header Files</Filter>
    </ClInclude>
    <ClInclude Include="src\Dog\Scene\Entity\entity.h">
      <Filter>Header Files</Filter>
    </ClInclude>
    <ClInclude Include="src\Dog\Scene\Entity\components.h">
      <Filter>Header Files</Filter>
    </ClInclude>
    <ClInclude Include="externals\imgui\crude_json.h">
      <Filter>Header Files</Filter>
    </ClInclude>
    <ClInclude Include="externals\imgui\GraphEditor.h">
      <Filter>Header Files</Filter>
    </ClInclude>
    <ClInclude Include="externals\imgui\imconfig.h">
      <Filter>Header Files</Filter>
    </ClInclude>
    <ClInclude Include="externals\imgui\ImCurveEdit.h">
      <Filter>Header Files</Filter>
    </ClInclude>
    <ClInclude Include="externals\imgui\ImGradient.h">
      <Filter>Header Files</Filter>
    </ClInclude>
    <ClInclude Include="externals\imgui\imgui.h">
      <Filter>Header Files</Filter>
    </ClInclude>
    <ClInclude Include="externals\imgui\imgui_bezier_math.h">
      <Filter>Header Files</Filter>
    </ClInclude>
    <ClInclude Include="externals\imgui\imgui_canvas.h">
      <Filter>Header Files</Filter>
    </ClInclude>
    <ClInclude Include="externals\imgui\imgui_extra_math.h">
      <Filter>Header Files</Filter>
    </ClInclude>
    <ClInclude Include="externals\imgui\imgui_impl_glfw.h">
      <Filter>Header Files</Filter>
    </ClInclude>
    <ClInclude Include="externals\imgui\imgui_impl_opengl3.h">
      <Filter>Header Files</Filter>
    </ClInclude>
    <ClInclude Include="externals\imgui\imgui_impl_opengl3_loader.h">
      <Filter>Header Files</Filter>
    </ClInclude>
    <ClInclude Include="externals\imgui\imgui_impl_win32.h">
      <Filter>Header Files</Filter>
    </ClInclude>
    <ClInclude Include="externals\imgui\imgui_internal.h">
      <Filter>Header Files</Filter>
    </ClInclude>
    <ClInclude Include="externals\imgui\imgui_node_editor.h">
      <Filter>Header Files</Filter>
    </ClInclude>
    <ClInclude Include="externals\imgui\imgui_node_editor_internal.h">
      <Filter>Header Files</Filter>
    </ClInclude>
    <ClInclude Include="externals\imgui\imgui_stdlib.h">
      <Filter>Header Files</Filter>
    </ClInclude>
    <ClInclude Include="externals\imgui\ImGuizmo.h">
      <Filter>Header Files</Filter>
    </ClInclude>
    <ClInclude Include="externals\imgui\implot.h">
      <Filter>Header Files</Filter>
    </ClInclude>
    <ClInclude Include="externals\imgui\implot_internal.h">
      <Filter>Header Files</Filter>
    </ClInclude>
    <ClInclude Include="externals\imgui\ImSequencer.h">
      <Filter>Header Files</Filter>
    </ClInclude>
    <ClInclude Include="externals\imgui\imstb_rectpack.h">
      <Filter>Header Files</Filter>
    </ClInclude>
    <ClInclude Include="externals\imgui\imstb_textedit.h">
      <Filter>Header Files</Filter>
    </ClInclude>
    <ClInclude Include="externals\imgui\imstb_truetype.h">
      <Filter>Header Files</Filter>
    </ClInclude>
    <ClInclude Include="externals\imgui\ImZoomSlider.h">
      <Filter>Header Files</Filter>
    </ClInclude>
    <ClInclude Include="src\Dog\Graphics\Editor\editor.h">
      <Filter>Header Files</Filter>
    </ClInclude>
    <ClInclude Include="src\Dog\Graphics\Framebuffer\framebuffer.h">
      <Filter>Header Files</Filter>
    </ClInclude>
    <ClInclude Include="src\Dog\Graphics\Renderer\Camera\orthoCamera.h">
      <Filter>Header Files</Filter>
    </ClInclude>
    <ClInclude Include="src\Dog\Graphics\Renderer\Camera\orthoCameraController.h">
      <Filter>Header Files</Filter>
    </ClInclude>
    <ClInclude Include="src\Dog\Events\event.h">
      <Filter>Header Files</Filter>
    </ClInclude>
    <ClInclude Include="src\Sandbox\Scenes\sandbox.h">
      <Filter>Header Files</Filter>
    </ClInclude>
    <ClInclude Include="src\PCH\pch.h">
      <Filter>Header Files</Filter>
    </ClInclude>
    <ClInclude Include="src\Dog\Graphics\Editor\Windows\sceneWindow.h">
      <Filter>Header Files</Filter>
    </ClInclude>
    <ClInclude Include="src\Dog\Graphics\Editor\Windows\consoleWindow.h">
      <Filter>Header Files</Filter>
    </ClInclude>
    <ClInclude Include="src\Dog\Graphics\Editor\Windows\entitiesWindow.h">
      <Filter>Header Files</Filter>
    </ClInclude>
    <ClInclude Include="src\Dog\Graphics\Editor\Windows\inspectorWindow.h">
      <Filter>Header Files</Filter>
    </ClInclude>
    <ClInclude Include="src\Dog\Graphics\Editor\Windows\toolbarWindow.h">
      <Filter>Header Files</Filter>
    </ClInclude>
    <ClInclude Include="src\Dog\Resources\FileWatcher\fileWatcher.h">
      <Filter>Header Files</Filter>
    </ClInclude>
    <ClInclude Include="src\Dog\Graphics\Editor\Windows\resourcesWindow.h">
      <Filter>Header Files</Filter>
    </ClInclude>
    <ClInclude Include="src\Dog\Graphics\Renderer\Camera\perspectiveCamera.h">
      <Filter>Header Files</Filter>
    </ClInclude>
    <ClInclude Include="src\Dog\Graphics\Window\frameRate.h">
      <Filter>Header Files</Filter>
    </ClInclude>
  </ItemGroup>
  <ItemGroup>
    <None Include="externals\imgui\imgui_bezier_math.inl">
      <Filter>Header Files</Filter>
    </None>
    <None Include="externals\imgui\imgui_extra_math.inl">
      <Filter>Header Files</Filter>
    </None>
    <None Include="externals\imgui\imgui_node_editor_internal.inl">
      <Filter>Header Files</Filter>
    </None>
    <None Include="DogAssets\Shaders\defaultsprite.vert">
      <Filter>Resource Files</Filter>
    </None>
    <None Include="DogAssets\Shaders\defaultsprite.frag">
      <Filter>Resource Files</Filter>
    </None>
  </ItemGroup>
  <ItemGroup>
    <Image Include="DogAssets\Images\square.png">
      <Filter>Resource Files</Filter>
    </Image>
    <Image Include="DogAssets\Images\circle.png">
      <Filter>Resource Files</Filter>
    </Image>
    <Image Include="DogAssets\Images\circleOutline2.png">
      <Filter>Resource Files</Filter>
    </Image>
    <Image Include="DogAssets\Images\error.png">
      <Filter>Resource Files</Filter>
    </Image>
    <Image Include="DogAssets\Images\playButton.png">
      <Filter>Resource Files</Filter>
    </Image>
    <Image Include="DogAssets\Images\stopButton.png">
      <Filter>Resource Files</Filter>
    </Image>
  </ItemGroup>
</Project>