<?xml version="1.0" encoding="utf-8"?>
<Project ToolsVersion="4.0" xmlns="http://schemas.microsoft.com/developer/msbuild/2003">
  <ItemGroup>
    <Filter Include="Source Files">
      <UniqueIdentifier>{4FC737F1-C7A5-4376-A066-2A32D752A2FF}</UniqueIdentifier>
      <Extensions>cpp;c;cc;cxx;c++;cppm;ixx;def;odl;idl;hpj;bat;asm;asmx</Extensions>
    </Filter>
    <Filter Include="Header Files">
      <UniqueIdentifier>{93995380-89BD-4b04-88EB-625FBE52EBFB}</UniqueIdentifier>
      <Extensions>h;hh;hpp;hxx;h++;hm;inl;inc;ipp;xsd</Extensions>
    </Filter>
    <Filter Include="Resource Files">
      <UniqueIdentifier>{67DA6AB6-F800-4c08-8B7A-83BB121AAD01}</UniqueIdentifier>
      <Extensions>rc;ico;cur;bmp;dlg;rc2;rct;bin;rgs;gif;jpg;jpeg;jpe;resx;tiff;tif;png;wav;mfcribbon-ms</Extensions>
    </Filter>
  </ItemGroup>
  <ItemGroup>
    <ClCompile Include="src\main.cpp">
      <Filter>Source Files</Filter>
    </ClCompile>
    <ClCompile Include="src\PCH\dogpch.cpp">
      <Filter>Source Files</Filter>
    </ClCompile>
    <ClCompile Include="src\Dog\Resources\resources.cpp">
      <Filter>Source Files</Filter>
    </ClCompile>
    <ClCompile Include="src\Dog\Graphics\Window\window.cpp">
      <Filter>Source Files</Filter>
    </ClCompile>
    <ClCompile Include="src\Dog\engine.cpp">
      <Filter>Source Files</Filter>
    </ClCompile>
    <ClCompile Include="src\Dog\Graphics\Shaders\shader.cpp">
      <Filter>Source Files</Filter>
    </ClCompile>
    <ClCompile Include="src\Dog\Logger\logger.cpp">
      <Filter>Source Files</Filter>
    </ClCompile>
    <ClCompile Include="src\Dog\Graphics\Renderer\Renderer3D\DeferredRenderer.cpp">
      <Filter>Source Files</Filter>
    </ClCompile>
    <ClCompile Include="src\Dog\Graphics\Camera\camera2d.cpp">
      <Filter>Source Files</Filter>
    </ClCompile>
    <ClCompile Include="src\Dog\Math\rect.cpp">
      <Filter>Source Files</Filter>
    </ClCompile>
    <ClCompile Include="src\Dog\Graphics\Renderer\Renderer2D\renderer2d.cpp">
      <Filter>Source Files</Filter>
    </ClCompile>
    <ClCompile Include="src\Dog\Graphics\Renderer\Renderer2D\texture2d.cpp">
      <Filter>Source Files</Filter>
    </ClCompile>
    <ClCompile Include="src\Dog\Resources\resource.cpp">
      <Filter>Source Files</Filter>
    </ClCompile>
    <ClCompile Include="src\Dog\Resources\resourceFactory.cpp">
      <Filter>Source Files</Filter>
    </ClCompile>
  </ItemGroup>
  <ItemGroup>
    <ClInclude Include="src\dog.h">
      <Filter>Header Files</Filter>
    </ClInclude>
    <ClInclude Include="src\Dog\core.h">
      <Filter>Header Files</Filter>
    </ClInclude>
    <ClInclude Include="src\PCH\dogpch.h">
      <Filter>Header Files</Filter>
    </ClInclude>
    <ClInclude Include="src\Dog\Resources\resources.h">
      <Filter>Header Files</Filter>
    </ClInclude>
    <ClInclude Include="src\Dog\Graphics\Window\window.h">
      <Filter>Header Files</Filter>
    </ClInclude>
    <ClInclude Include="src\Dog\engine.h">
      <Filter>Header Files</Filter>
    </ClInclude>
    <ClInclude Include="src\Dog\Graphics\Window\Iwindow.h">
      <Filter>Header Files</Filter>
    </ClInclude>
    <ClInclude Include="src\Dog\Graphics\Shaders\shader.h">
      <Filter>Header Files</Filter>
    </ClInclude>
    <ClInclude Include="src\Dog\Logger\logger.h">
      <Filter>Header Files</Filter>
    </ClInclude>
    <ClInclude Include="src\Dog\Graphics\Renderer\IRenderer.h">
      <Filter>Header Files</Filter>
    </ClInclude>
    <ClInclude Include="src\Dog\Graphics\Renderer\Renderer3D\DeferredRenderer.h">
      <Filter>Header Files</Filter>
    </ClInclude>
    <ClInclude Include="src\Dog\Graphics\Camera\camera2d.h">
      <Filter>Header Files</Filter>
    </ClInclude>
    <ClInclude Include="src\Dog\Math\rect.h">
      <Filter>Header Files</Filter>
    </ClInclude>
    <ClInclude Include="src\Dog\Graphics\Renderer\Renderer2D\renderer2d.h">
      <Filter>Header Files</Filter>
    </ClInclude>
    <ClInclude Include="src\Dog\Graphics\Renderer\Renderer2D\texture2d.h">
      <Filter>Header Files</Filter>
    </ClInclude>
    <ClInclude Include="src\Dog\Resources\resourceFactory.h">
      <Filter>Header Files</Filter>
    </ClInclude>
    <ClInclude Include="src\Dog\Resources\resource.h">
      <Filter>Header Files</Filter>
    </ClInclude>
  </ItemGroup>
  <ItemGroup>
    <None Include="DogAssets\Shaders\defaultsprite.frag" />
    <None Include="DogAssets\Shaders\defaultsprite.vert" />
  </ItemGroup>
  <ItemGroup>
    <Image Include="DogAssets\Images\square.png">
      <Filter>Resource Files</Filter>
    </Image>
    <Image Include="DogAssets\Images\circle.png">
      <Filter>Resource Files</Filter>
    </Image>
    <Image Include="DogAssets\Images\circleOutline2.png">
      <Filter>Resource Files</Filter>
    </Image>
  </ItemGroup>
</Project>